
Microsoft Visual Studio Solution File, Format Version 12.00
# Visual Studio 16
Project("{FAE04EC0-301F-11D3-BF4B-00C04F79EFBC}") = "Assembly-CSharp", "Assembly-CSharp.csproj", "{A7791894-0AC6-9F1C-2422-B4E92C37BFE6}"
EndProject
Project("{FAE04EC0-301F-11D3-BF4B-00C04F79EFBC}") = "Assembly-CSharp-Editor", "Assembly-CSharp-Editor.csproj", "{FBC4EF21-CE79-5C13-7758-FB23C5D4CC24}"
EndProject
Global
	GlobalSection(SolutionConfigurationPlatforms) = preSolution
		Debug|Any CPU = Debug|Any CPU
		Release|Any CPU = Release|Any CPU
	EndGlobalSection
	GlobalSection(ProjectConfigurationPlatforms) = postSolution
		{A7791894-0AC6-9F1C-2422-B4E92C37BFE6}.Debug|Any CPU.ActiveCfg = Debug|Any CPU
		{A7791894-0AC6-9F1C-2422-B4E92C37BFE6}.Debug|Any CPU.Build.0 = Debug|Any CPU
		{A7791894-0AC6-9F1C-2422-B4E92C37BFE6}.Release|Any CPU.ActiveCfg = Release|Any CPU
		{A7791894-0AC6-9F1C-2422-B4E92C37BFE6}.Release|Any CPU.Build.0 = Release|Any CPU
		{FBC4EF21-CE79-5C13-7758-FB23C5D4CC24}.Debug|Any CPU.ActiveCfg = Debug|Any CPU
		{FBC4EF21-CE79-5C13-7758-FB23C5D4CC24}.Debug|Any CPU.Build.0 = Debug|Any CPU
		{FBC4EF21-CE79-5C13-7758-FB23C5D4CC24}.Release|Any CPU.ActiveCfg = Release|Any CPU
		{FBC4EF21-CE79-5C13-7758-FB23C5D4CC24}.Release|Any CPU.Build.0 = Release|Any CPU
	EndGlobalSection
	GlobalSection(SolutionProperties) = preSolution
		HideSolutionNode = FALSE
	EndGlobalSection
	GlobalSection(MonoDevelopProperties) = preSolution
		StartupItem = Assembly-CSharp.csproj
	EndGlobalSection
EndGlobal
